# Generated by pub
# See http://pub.dartlang.org/doc/glossary.html#lockfile
packages:
  analyzer:
    description: analyzer
    source: hosted
    version: "0.25.0+1"
  angular:
    description:
      name: angular
      url: "https://pub.dartlang.org"
    source: hosted
    version: "1.1.2+2"
  angular_ui:
    description:
      name: angular_ui
      url: "https://pub.dartlang.org"
    source: hosted
    version: "0.6.11"
  args:
    description:
      name: args
      url: "https://pub.dartlang.org"
    source: hosted
    version: "0.12.2+6"
  async:
    description:
      name: async
      url: "https://pub.dartlang.org"
    source: hosted
    version: "1.9.0"
  barback:
    description:
      name: barback
      url: "https://pub.dartlang.org"
    source: hosted
    version: "0.15.2+7"
  browser:
    description:
      name: browser
      url: "https://pub.dartlang.org"
    source: hosted
    version: "0.10.0+2"
  charcode:
    description:
      name: charcode
      url: "https://pub.dartlang.org"
    source: hosted
    version: "1.1.0"
  cli_util:
    description:
      name: cli_util
      url: "https://pub.dartlang.org"
    source: hosted
    version: "0.0.1+2"
  code_transformers:
    description: code_transformers
    source: hosted
    version: "0.2.9+3"
  collection:
    description:
      name: collection
      url: "https://pub.dartlang.org"
    source: hosted
    version: "1.1.3"
  convert:
    description: convert
    source: hosted
    version: "1.1.0"
  crypto:
    description:
      name: crypto
      url: "https://pub.dartlang.org"
    source: hosted
    version: "0.9.2+1"
  csslib:
    description:
      name: csslib
      url: "https://pub.dartlang.org"
    source: hosted
    version: "0.13.1"
  di:
    description:
      name: di
      url: "https://pub.dartlang.org"
    source: hosted
    version: "3.3.5+1"
  hammock:
    description:
      ref: master
      resolved-ref: "498d96407baee2f04776aea8f8584c12f26cba25"
      url: "https://github.com/toasterson/hammock.git"
    source: git
    version: "0.4.1"
  hammock_mapper:
    description:
      ref: master
      resolved-ref: f42627381d96140aadce078b3cbaa42b799395e1
      url: "https://github.com/stiftungswo/hammock_mapper.git"
    source: git
    version: "0.0.2"
  html:
    description:
      name: html
      url: "https://pub.dartlang.org"
    source: hosted
    version: "0.12.2+2"
  html5lib:
    description:
      name: html5lib
      url: "https://pub.dartlang.org"
    source: hosted
    version: "0.12.1"
  intl:
    description:
      name: intl
      url: "https://pub.dartlang.org"
    source: hosted
    version: "0.8.10+4"
  logging:
    description:
      name: logging
      url: "https://pub.dartlang.org"
    source: hosted
    version: "0.11.3"
  meta:
    description: meta
    source: hosted
    version: "0.8.8"
  observe:
    description:
      name: observe
      url: "https://pub.dartlang.org"
    source: hosted
    version: "0.13.1+3"
  path:
    description:
      name: path
      url: "https://pub.dartlang.org"
    source: hosted
    version: "1.3.9"
  perf_api:
    description:
      name: perf_api
      url: "https://pub.dartlang.org"
    source: hosted
    version: "0.0.9"
  pool:
    description:
      name: pool
      url: "https://pub.dartlang.org"
    source: hosted
    version: "1.2.3"
  route_hierarchical:
    description:
      name: route_hierarchical
      url: "https://pub.dartlang.org"
    source: hosted
    version: "0.6.2"
  sass:
    description:
      name: sass
      url: "https://pub.dartlang.org"
    source: hosted
    version: "0.4.2"
  script_inliner:
    description:
      name: script_inliner
      url: "https://pub.dartlang.org"
    source: hosted
    version: "1.0.0"
  smoke:
    description:
      name: smoke
      url: "https://pub.dartlang.org"
    source: hosted
    version: "0.3.5"
  source_maps:
    description:
      name: source_maps
      url: "https://pub.dartlang.org"
    source: hosted
    version: "0.10.1+1"
  source_span:
    description:
      name: source_span
      url: "https://pub.dartlang.org"
    source: hosted
    version: "1.2.2"
  stack_trace:
    description: stack_trace
    source: hosted
    version: "1.6.0"
  typed_data:
    description:
      name: typed_data
      url: "https://pub.dartlang.org"
    source: hosted
    version: "1.1.2"
  utf:
    description:
      name: utf
      url: "https://pub.dartlang.org"
    source: hosted
    version: "0.9.0+3"
  watcher:
    description:
      name: watcher
      url: "https://pub.dartlang.org"
    source: hosted
    version: "0.9.7"
  when:
    description:
      name: when
      url: "https://pub.dartlang.org"
    source: hosted
    version: "0.2.0"
  which:
    description:
      name: which
      url: "https://pub.dartlang.org"
    source: hosted
    version: "0.1.3"
sdks:
  dart: ">=1.9.0 <2.0.0"
